
Microsoft Visual Studio Solution File, Format Version 12.00
# Visual Studio Version 16
VisualStudioVersion = 16.0.29613.14
MinimumVisualStudioVersion = 10.0.40219.1
Project("{FAE04EC0-301F-11D3-BF4B-00C04F79EFBC}") = "BattleRoyaleServer", "BattleRoyaleServer\BattleRoyaleServer.csproj", "{A9A759E3-AB18-4C00-957E-7A71372A45BF}"
EndProject
Global
	GlobalSection(SolutionConfigurationPlatforms) = preSolution
		Debug|Any CPU = Debug|Any CPU
		Release|Any CPU = Release|Any CPU
	EndGlobalSection
	GlobalSection(ProjectConfigurationPlatforms) = postSolution
		{A9A759E3-AB18-4C00-957E-7A71372A45BF}.Debug|Any CPU.ActiveCfg = Debug|Any CPU
		{A9A759E3-AB18-4C00-957E-7A71372A45BF}.Debug|Any CPU.Build.0 = Debug|Any CPU
		{A9A759E3-AB18-4C00-957E-7A71372A45BF}.Release|Any CPU.ActiveCfg = Release|Any CPU
		{A9A759E3-AB18-4C00-957E-7A71372A45BF}.Release|Any CPU.Build.0 = Release|Any CPU
	EndGlobalSection
	GlobalSection(SolutionProperties) = preSolution
		HideSolutionNode = FALSE
	EndGlobalSection
	GlobalSection(ExtensibilityGlobals) = postSolution
		SolutionGuid = {3606279C-443E-4EE7-8EFF-23428F8B96C5}
	EndGlobalSection
EndGlobal
